{
    "name": "covbot",
    "version": "1.0.0",
    "lockfileVersion": 2,
    "requires": true,
    "packages": {
        "": {
            "version": "1.0.0",
            "license": "ISC",
            "devDependencies": {
                "turbo": "^1.0.23"
            }
        },
        "node_modules/turbo": {
            "version": "1.0.23",
            "resolved": "https://registry.npmjs.org/turbo/-/turbo-1.0.23.tgz",
            "integrity": "sha512-/VHsARQyl8wsfCJtuJicjYq7Do/P5yjJde3bjG9TAZHj/PzA9LuRU7WOEPfUrT+felOQ3vwUMZtC8xrYFmndLA==",
            "dev": true,
            "hasInstallScript": true,
            "bin": {
                "turbo": "bin/turbo"
            },
            "optionalDependencies": {
                "turbo-darwin-64": "1.0.23",
                "turbo-darwin-arm64": "1.0.23",
                "turbo-freebsd-64": "1.0.23",
                "turbo-freebsd-arm64": "1.0.23",
                "turbo-linux-32": "1.0.23",
                "turbo-linux-64": "1.0.23",
                "turbo-linux-arm": "1.0.23",
                "turbo-linux-arm64": "1.0.23",
                "turbo-linux-mips64le": "1.0.23",
                "turbo-linux-ppc64le": "1.0.23",
                "turbo-windows-32": "1.0.23",
                "turbo-windows-64": "1.0.23"
            }
        },
        "node_modules/turbo-darwin-64": {
            "version": "1.0.23",
            "resolved": "https://registry.npmjs.org/turbo-darwin-64/-/turbo-darwin-64-1.0.23.tgz",
            "integrity": "sha512-z6ArzNKpQIw/YhFf20lUGl5VaGTZ94MSppXuuYkCyxMQwK3qye3r2ENQbUKkxfv16fAmfr7z1bJt6YwfOjwPiw==",
            "cpu": [
                "x64"
            ],
            "dev": true,
            "optional": true,
            "os": [
                "darwin"
            ]
        },
        "node_modules/turbo-darwin-arm64": {
            "version": "1.0.23",
            "resolved": "https://registry.npmjs.org/turbo-darwin-arm64/-/turbo-darwin-arm64-1.0.23.tgz",
            "integrity": "sha512-U02Ip7kO7eDN3WRliIrPtqYFqcpsvpNsE5fX1T0uFjXfSJruiDBrrNpGmZEh8hatS5wQyG7VaxW+izJqd7TCsw==",
            "cpu": [
                "arm64"
            ],
            "dev": true,
            "optional": true,
            "os": [
                "darwin"
            ]
        },
        "node_modules/turbo-freebsd-64": {
            "version": "1.0.23",
            "resolved": "https://registry.npmjs.org/turbo-freebsd-64/-/turbo-freebsd-64-1.0.23.tgz",
            "integrity": "sha512-5XT8pp0uJ1vRqNJydacn6ouY4COUeufOdLuiPOWAOsvMW5FOJNAOdAJ7lISBBqhCpYF8CEZ9kCAI2f9nOzzY0Q==",
            "cpu": [
                "x64"
            ],
            "dev": true,
            "optional": true,
            "os": [
                "freebsd"
            ]
        },
        "node_modules/turbo-freebsd-arm64": {
            "version": "1.0.23",
            "resolved": "https://registry.npmjs.org/turbo-freebsd-arm64/-/turbo-freebsd-arm64-1.0.23.tgz",
            "integrity": "sha512-70BGJTVX3jYvzDISp8dWM/rwiK4CDlNVQJnnlUMKrueFtpgHZhsRKjIeNgIKxVSTyp4xT0Vl4xhc9zFhMT17aw==",
            "cpu": [
                "arm64"
            ],
            "dev": true,
            "optional": true,
            "os": [
                "freebsd"
            ]
        },
        "node_modules/turbo-linux-32": {
            "version": "1.0.23",
            "resolved": "https://registry.npmjs.org/turbo-linux-32/-/turbo-linux-32-1.0.23.tgz",
            "integrity": "sha512-ee3N8f7h1qg5noKII5Tq2gyG6PVFl/apllX0TPbZiUab6553QPfVt+tB+5W6BZmKGUdHHCvW42xuig0krrrRGw==",
            "cpu": [
                "ia32"
            ],
            "dev": true,
            "optional": true,
            "os": [
                "linux"
            ]
        },
        "node_modules/turbo-linux-64": {
            "version": "1.0.23",
            "resolved": "https://registry.npmjs.org/turbo-linux-64/-/turbo-linux-64-1.0.23.tgz",
            "integrity": "sha512-j2+1P2+rdOXb/yzz78SCmxXLdFSSlCzZS0Psg1vetYozuoT0k+xu7gr6iqEHdBWw39jNFuT72hVqrNZ4TClHcA==",
            "cpu": [
                "x64"
            ],
            "dev": true,
            "optional": true,
            "os": [
                "linux"
            ]
        },
        "node_modules/turbo-linux-arm": {
            "version": "1.0.23",
            "resolved": "https://registry.npmjs.org/turbo-linux-arm/-/turbo-linux-arm-1.0.23.tgz",
            "integrity": "sha512-+aD+v03bpkmuXEfk14w2fLH5cAyfyGlAs5gBwQmwyF3XllJ40OL/cw9xDnBREpZsnm9o1GTQpr0wmepjw9d4iQ==",
            "cpu": [
                "arm"
            ],
            "dev": true,
            "optional": true,
            "os": [
                "linux"
            ]
        },
        "node_modules/turbo-linux-arm64": {
            "version": "1.0.23",
            "resolved": "https://registry.npmjs.org/turbo-linux-arm64/-/turbo-linux-arm64-1.0.23.tgz",
            "integrity": "sha512-VNW8yyBG63MGUzZ/Y2DS883P8rzz/hQuiCklw2lTBQ4O9dp2FxYrAVnmCxbnsIDZG/wEupdvaHVgqH7j2DJgwg==",
            "cpu": [
                "arm64"
            ],
            "dev": true,
            "optional": true,
            "os": [
                "linux"
            ]
        },
        "node_modules/turbo-linux-mips64le": {
            "version": "1.0.23",
            "resolved": "https://registry.npmjs.org/turbo-linux-mips64le/-/turbo-linux-mips64le-1.0.23.tgz",
            "integrity": "sha512-CJNd7F9z8EhqcdJnd1rSiU/+hSNG3E+fudQ5pr55y0nhSShFMMdZxdLvL5zzhWpBl1g8YldphjPqNLChgGatKw==",
            "cpu": [
                "mips64el"
            ],
            "dev": true,
            "optional": true,
            "os": [
                "linux"
            ]
        },
        "node_modules/turbo-linux-ppc64le": {
            "version": "1.0.23",
            "resolved": "https://registry.npmjs.org/turbo-linux-ppc64le/-/turbo-linux-ppc64le-1.0.23.tgz",
            "integrity": "sha512-RjzDqXQl+nqV+2A6MRk1sALBQtpCB/h8qDWhJIL/VUgToTMdllAThiYI+lALLmGWBumXs4XDbk+83FGJlJ1bDg==",
            "cpu": [
                "ppc64"
            ],
            "dev": true,
            "optional": true,
            "os": [
                "linux"
            ]
        },
        "node_modules/turbo-windows-32": {
            "version": "1.0.23",
            "resolved": "https://registry.npmjs.org/turbo-windows-32/-/turbo-windows-32-1.0.23.tgz",
            "integrity": "sha512-qTfldTd5OO/s8unGFnITe4IX8ua2SNj/VVQbvVcObDJK6xrfBY4tDS78rIo9//xTSRyK+28AoPxRZsVqqF2hlA==",
            "cpu": [
                "ia32"
            ],
            "dev": true,
            "optional": true,
            "os": [
                "win32"
            ]
        },
        "node_modules/turbo-windows-64": {
            "version": "1.0.23",
            "resolved": "https://registry.npmjs.org/turbo-windows-64/-/turbo-windows-64-1.0.23.tgz",
            "integrity": "sha512-yzhF6GEYiyrXoO/l9T6amB16OITsFXdeMTc0Vf2BZFOG1fn9Muc4CxQ+CcdsLlai+TqQTKlpEf0+l83vI+R2Jw==",
            "cpu": [
                "x64"
            ],
            "dev": true,
            "optional": true,
            "os": [
                "win32"
            ]
        }
    },
    "dependencies": {
        "turbo": {
            "version": "1.0.23",
            "resolved": "https://registry.npmjs.org/turbo/-/turbo-1.0.23.tgz",
            "integrity": "sha512-/VHsARQyl8wsfCJtuJicjYq7Do/P5yjJde3bjG9TAZHj/PzA9LuRU7WOEPfUrT+felOQ3vwUMZtC8xrYFmndLA==",
            "dev": true,
            "requires": {
                "turbo-darwin-64": "1.0.23",
                "turbo-darwin-arm64": "1.0.23",
                "turbo-freebsd-64": "1.0.23",
                "turbo-freebsd-arm64": "1.0.23",
                "turbo-linux-32": "1.0.23",
                "turbo-linux-64": "1.0.23",
                "turbo-linux-arm": "1.0.23",
                "turbo-linux-arm64": "1.0.23",
                "turbo-linux-mips64le": "1.0.23",
                "turbo-linux-ppc64le": "1.0.23",
                "turbo-windows-32": "1.0.23",
                "turbo-windows-64": "1.0.23"
            }
        },
        "turbo-darwin-64": {
            "version": "1.0.23",
            "resolved": "https://registry.npmjs.org/turbo-darwin-64/-/turbo-darwin-64-1.0.23.tgz",
            "integrity": "sha512-z6ArzNKpQIw/YhFf20lUGl5VaGTZ94MSppXuuYkCyxMQwK3qye3r2ENQbUKkxfv16fAmfr7z1bJt6YwfOjwPiw==",
            "dev": true,
            "optional": true
        },
        "turbo-darwin-arm64": {
            "version": "1.0.23",
            "resolved": "https://registry.npmjs.org/turbo-darwin-arm64/-/turbo-darwin-arm64-1.0.23.tgz",
            "integrity": "sha512-U02Ip7kO7eDN3WRliIrPtqYFqcpsvpNsE5fX1T0uFjXfSJruiDBrrNpGmZEh8hatS5wQyG7VaxW+izJqd7TCsw==",
            "dev": true,
            "optional": true
        },
        "turbo-freebsd-64": {
            "version": "1.0.23",
            "resolved": "https://registry.npmjs.org/turbo-freebsd-64/-/turbo-freebsd-64-1.0.23.tgz",
            "integrity": "sha512-5XT8pp0uJ1vRqNJydacn6ouY4COUeufOdLuiPOWAOsvMW5FOJNAOdAJ7lISBBqhCpYF8CEZ9kCAI2f9nOzzY0Q==",
            "dev": true,
            "optional": true
        },
        "turbo-freebsd-arm64": {
            "version": "1.0.23",
            "resolved": "https://registry.npmjs.org/turbo-freebsd-arm64/-/turbo-freebsd-arm64-1.0.23.tgz",
            "integrity": "sha512-70BGJTVX3jYvzDISp8dWM/rwiK4CDlNVQJnnlUMKrueFtpgHZhsRKjIeNgIKxVSTyp4xT0Vl4xhc9zFhMT17aw==",
            "dev": true,
            "optional": true
        },
        "turbo-linux-32": {
            "version": "1.0.23",
            "resolved": "https://registry.npmjs.org/turbo-linux-32/-/turbo-linux-32-1.0.23.tgz",
            "integrity": "sha512-ee3N8f7h1qg5noKII5Tq2gyG6PVFl/apllX0TPbZiUab6553QPfVt+tB+5W6BZmKGUdHHCvW42xuig0krrrRGw==",
            "dev": true,
            "optional": true
        },
        "turbo-linux-64": {
            "version": "1.0.23",
            "resolved": "https://registry.npmjs.org/turbo-linux-64/-/turbo-linux-64-1.0.23.tgz",
            "integrity": "sha512-j2+1P2+rdOXb/yzz78SCmxXLdFSSlCzZS0Psg1vetYozuoT0k+xu7gr6iqEHdBWw39jNFuT72hVqrNZ4TClHcA==",
            "dev": true,
            "optional": true
        },
        "turbo-linux-arm": {
            "version": "1.0.23",
            "resolved": "https://registry.npmjs.org/turbo-linux-arm/-/turbo-linux-arm-1.0.23.tgz",
            "integrity": "sha512-+aD+v03bpkmuXEfk14w2fLH5cAyfyGlAs5gBwQmwyF3XllJ40OL/cw9xDnBREpZsnm9o1GTQpr0wmepjw9d4iQ==",
            "dev": true,
            "optional": true
        },
        "turbo-linux-arm64": {
            "version": "1.0.23",
            "resolved": "https://registry.npmjs.org/turbo-linux-arm64/-/turbo-linux-arm64-1.0.23.tgz",
            "integrity": "sha512-VNW8yyBG63MGUzZ/Y2DS883P8rzz/hQuiCklw2lTBQ4O9dp2FxYrAVnmCxbnsIDZG/wEupdvaHVgqH7j2DJgwg==",
            "dev": true,
            "optional": true
        },
        "turbo-linux-mips64le": {
            "version": "1.0.23",
            "resolved": "https://registry.npmjs.org/turbo-linux-mips64le/-/turbo-linux-mips64le-1.0.23.tgz",
            "integrity": "sha512-CJNd7F9z8EhqcdJnd1rSiU/+hSNG3E+fudQ5pr55y0nhSShFMMdZxdLvL5zzhWpBl1g8YldphjPqNLChgGatKw==",
            "dev": true,
            "optional": true
        },
        "turbo-linux-ppc64le": {
            "version": "1.0.23",
            "resolved": "https://registry.npmjs.org/turbo-linux-ppc64le/-/turbo-linux-ppc64le-1.0.23.tgz",
            "integrity": "sha512-RjzDqXQl+nqV+2A6MRk1sALBQtpCB/h8qDWhJIL/VUgToTMdllAThiYI+lALLmGWBumXs4XDbk+83FGJlJ1bDg==",
            "dev": true,
            "optional": true
        },
        "turbo-windows-32": {
            "version": "1.0.23",
            "resolved": "https://registry.npmjs.org/turbo-windows-32/-/turbo-windows-32-1.0.23.tgz",
            "integrity": "sha512-qTfldTd5OO/s8unGFnITe4IX8ua2SNj/VVQbvVcObDJK6xrfBY4tDS78rIo9//xTSRyK+28AoPxRZsVqqF2hlA==",
            "dev": true,
            "optional": true
        },
        "turbo-windows-64": {
            "version": "1.0.23",
            "resolved": "https://registry.npmjs.org/turbo-windows-64/-/turbo-windows-64-1.0.23.tgz",
            "integrity": "sha512-yzhF6GEYiyrXoO/l9T6amB16OITsFXdeMTc0Vf2BZFOG1fn9Muc4CxQ+CcdsLlai+TqQTKlpEf0+l83vI+R2Jw==",
            "dev": true,
            "optional": true
        }
    }
}
